
Microsoft Visual Studio Solution File, Format Version 12.00
Project("{FAE04EC0-301F-11D3-BF4B-00C04F79EFBC}") = "Markov", "Markov\Markov.csproj", "{CE60EA43-23EB-44EE-BFFC-A22C50B706E6}"
EndProject
Global
	GlobalSection(SolutionConfigurationPlatforms) = preSolution
		Debug|Any CPU = Debug|Any CPU
		Release|Any CPU = Release|Any CPU
	EndGlobalSection
	GlobalSection(ProjectConfigurationPlatforms) = postSolution
		{CE60EA43-23EB-44EE-BFFC-A22C50B706E6}.Debug|Any CPU.ActiveCfg = Debug|Any CPU
		{CE60EA43-23EB-44EE-BFFC-A22C50B706E6}.Debug|Any CPU.Build.0 = Debug|Any CPU
		{CE60EA43-23EB-44EE-BFFC-A22C50B706E6}.Release|Any CPU.ActiveCfg = Release|Any CPU
		{CE60EA43-23EB-44EE-BFFC-A22C50B706E6}.Release|Any CPU.Build.0 = Release|Any CPU
	EndGlobalSection
EndGlobal
